
Microsoft Visual Studio Solution File, Format Version 12.00
# Visual Studio Version 17
VisualStudioVersion = 17.10.34916.146
MinimumVisualStudioVersion = 10.0.40219.1
Project("{FAE04EC0-301F-11D3-BF4B-00C04F79EFBC}") = "CommonDataTypes", "CommonDataTypes\CommonDataTypes.csproj", "{9F37CBCD-B546-4E93-A61F-8F66EC96BE44}"
EndProject
Global
	GlobalSection(SolutionConfigurationPlatforms) = preSolution
		Debug|Any CPU = Debug|Any CPU
		Release|Any CPU = Release|Any CPU
	EndGlobalSection
	GlobalSection(ProjectConfigurationPlatforms) = postSolution
		{9F37CBCD-B546-4E93-A61F-8F66EC96BE44}.Debug|Any CPU.ActiveCfg = Debug|Any CPU
		{9F37CBCD-B546-4E93-A61F-8F66EC96BE44}.Debug|Any CPU.Build.0 = Debug|Any CPU
		{9F37CBCD-B546-4E93-A61F-8F66EC96BE44}.Release|Any CPU.ActiveCfg = Release|Any CPU
		{9F37CBCD-B546-4E93-A61F-8F66EC96BE44}.Release|Any CPU.Build.0 = Release|Any CPU
	EndGlobalSection
	GlobalSection(SolutionProperties) = preSolution
		HideSolutionNode = FALSE
	EndGlobalSection
	GlobalSection(ExtensibilityGlobals) = postSolution
		SolutionGuid = {A548222B-E833-472E-BD81-139BDBD2727F}
	EndGlobalSection
EndGlobal
